
Microsoft Visual Studio Solution File, Format Version 12.00
Project("{FAE04EC0-301F-11D3-BF4B-00C04F79EFBC}") = "SocketDemo", "SocketDemo\SocketDemo.csproj", "{8F3E14CB-3B5E-4C33-AF62-A027D10F6CE7}"
EndProject
Global
	GlobalSection(SolutionConfigurationPlatforms) = preSolution
		Debug|Any CPU = Debug|Any CPU
		Release|Any CPU = Release|Any CPU
	EndGlobalSection
	GlobalSection(ProjectConfigurationPlatforms) = postSolution
		{8F3E14CB-3B5E-4C33-AF62-A027D10F6CE7}.Debug|Any CPU.ActiveCfg = Debug|Any CPU
		{8F3E14CB-3B5E-4C33-AF62-A027D10F6CE7}.Debug|Any CPU.Build.0 = Debug|Any CPU
		{8F3E14CB-3B5E-4C33-AF62-A027D10F6CE7}.Release|Any CPU.ActiveCfg = Release|Any CPU
		{8F3E14CB-3B5E-4C33-AF62-A027D10F6CE7}.Release|Any CPU.Build.0 = Release|Any CPU
	EndGlobalSection
EndGlobal
